{
    "_readme": [
        "This file locks the dependencies of your project to a known state",
        "Read more about it at http://getcomposer.org/doc/01-basic-usage.md#composer-lock-the-lock-file"
    ],
    "hash": "cc1b0dc39cca782ff8f5c9de265a839c",
    "packages": [
        {
            "name": "bee4/httpclient",
            "version": "v0.0.1",
            "source": {
                "type": "git",
                "url": "https://github.com/bee4/httpclient.git",
                "reference": "a571e2572af0eaf1ece9b05a6ce338e102d6f9e4"
            },
            "dist": {
                "type": "zip",
                "url": "https://api.github.com/repos/bee4/httpclient/zipball/a571e2572af0eaf1ece9b05a6ce338e102d6f9e4",
                "reference": "a571e2572af0eaf1ece9b05a6ce338e102d6f9e4",
                "shasum": ""
            },
            "require": {
                "ext-curl": "*",
                "php": ">=5.4.0"
            },
            "require-dev": {
                "phpunit/phpunit": "4.*"
            },
            "type": "library",
            "autoload": {
                "psr-0": {
                    "Bee4": "src"
                }
            },
            "notification-url": "https://packagist.org/downloads/",
            "license": [
                "Apache-2.0"
            ],
            "authors": [
                {
                    "name": "Stéphane HULARD",
                    "email": "s.hulard@chstudio.fr"
                }
            ],
            "description": "A simple chainable HTTP client. Built for intensive HTTP calls!",
            "time": "2014-03-07 09:58:38"
        },
        {
            "name": "guzzle/guzzle",
            "version": "dev-guzzle4",
            "source": {
                "type": "git",
                "url": "https://github.com/guzzle/guzzle.git",
                "reference": "5472c17055d09f80c160467d346a751bc96731e6"
            },
            "dist": {
                "type": "zip",
                "url": "https://api.github.com/repos/guzzle/guzzle/zipball/5472c17055d09f80c160467d346a751bc96731e6",
                "reference": "5472c17055d09f80c160467d346a751bc96731e6",
                "shasum": ""
            },
            "require": {
                "php": ">=5.4.0"
            },
            "require-dev": {
                "ext-curl": "*",
                "phpunit/phpunit": "3.7.*",
                "psr/log": "~1"
            },
            "type": "library",
            "extra": {
                "branch-alias": {
                    "dev-master": "4.0-dev"
                }
            },
            "autoload": {
                "psr-4": {
                    "GuzzleHttp\\": "src/"
                },
                "files": [
                    "src/functions.php"
                ]
            },
            "notification-url": "https://packagist.org/downloads/",
            "license": [
                "MIT"
            ],
            "authors": [
                {
                    "name": "Michael Dowling",
                    "email": "mtdowling@gmail.com",
                    "homepage": "https://github.com/mtdowling"
                }
            ],
            "description": "Guzzle is a PHP HTTP client library and framework for building RESTful web service clients",
            "homepage": "http://guzzlephp.org/",
            "keywords": [
                "client",
                "curl",
                "framework",
                "http",
                "http client",
                "rest",
                "web service"
            ],
            "time": "2014-03-05 08:55:37"
        }
    ],
    "packages-dev": [

    ],
    "aliases": [

    ],
    "minimum-stability": "stable",
    "stability-flags": {
        "guzzle/guzzle": 20
    },
    "platform": [

    ],
    "platform-dev": [

    ]
}
